// !$*UTF8*$!
{
	archiveVersion = 1;
	classes = {
	};
	objectVersion = 46;
	objects = {

/* Begin PBXBuildFile section */
		04C17C7619A7384800BE6DAE /* Foundation.framework in Frameworks */ = {isa = PBXBuildFile; fileRef = 04C17C7519A7384800BE6DAE /* Foundation.framework */; };
		04C17C7819A7384800BE6DAE /* CoreGraphics.framework in Frameworks */ = {isa = PBXBuildFile; fileRef = 04C17C7719A7384800BE6DAE /* CoreGraphics.framework */; };
		04C17C7A19A7384800BE6DAE /* UIKit.framework in Frameworks */ = {isa = PBXBuildFile; fileRef = 04C17C7919A7384800BE6DAE /* UIKit.framework */; };
		04C17C8019A7384900BE6DAE /* InfoPlist.strings in Resources */ = {isa = PBXBuildFile; fileRef = 04C17C7E19A7384900BE6DAE /* InfoPlist.strings */; };
		04C17C8219A7384900BE6DAE /* main.m in Sources */ = {isa = PBXBuildFile; fileRef = 04C17C8119A7384900BE6DAE /* main.m */; };
		04C17C8619A7384900BE6DAE /* AppDelegate.m in Sources */ = {isa = PBXBuildFile; fileRef = 04C17C8519A7384900BE6DAE /* AppDelegate.m */; };
		04C17C8919A7384900BE6DAE /* Main_iPhone.storyboard in Resources */ = {isa = PBXBuildFile; fileRef = 04C17C8719A7384900BE6DAE /* Main_iPhone.storyboard */; };
		04C17C8C19A7384900BE6DAE /* Main_iPad.storyboard in Resources */ = {isa = PBXBuildFile; fileRef = 04C17C8A19A7384900BE6DAE /* Main_iPad.storyboard */; };
		04C17C8F19A7384900BE6DAE /* ViewController.m in Sources */ = {isa = PBXBuildFile; fileRef = 04C17C8E19A7384900BE6DAE /* ViewController.m */; };
		04C17C9119A7384900BE6DAE /* Images.xcassets in Resources */ = {isa = PBXBuildFile; fileRef = 04C17C9019A7384900BE6DAE /* Images.xcassets */; };
		04C17C9819A7384900BE6DAE /* XCTest.framework in Frameworks */ = {isa = PBXBuildFile; fileRef = 04C17C9719A7384900BE6DAE /* XCTest.framework */; };
		04C17C9919A7384900BE6DAE /* Foundation.framework in Frameworks */ = {isa = PBXBuildFile; fileRef = 04C17C7519A7384800BE6DAE /* Foundation.framework */; };
		04C17C9A19A7384900BE6DAE /* UIKit.framework in Frameworks */ = {isa = PBXBuildFile; fileRef = 04C17C7919A7384800BE6DAE /* UIKit.framework */; };
		04C17CA219A7384900BE6DAE /* InfoPlist.strings in Resources */ = {isa = PBXBuildFile; fileRef = 04C17CA019A7384900BE6DAE /* InfoPlist.strings */; };
		04C17CA419A7384900BE6DAE /* TestTests.m in Sources */ = {isa = PBXBuildFile; fileRef = 04C17CA319A7384900BE6DAE /* TestTests.m */; };
		04C17CAF19A73E2F00BE6DAE /* FirServer.m in Sources */ = {isa = PBXBuildFile; fileRef = 04C17CAE19A73E2F00BE6DAE /* FirServer.m */; };
/* End PBXBuildFile section */

/* Begin PBXContainerItemProxy section */
		04C17C9B19A7384900BE6DAE /* PBXContainerItemProxy */ = {
			isa = PBXContainerItemProxy;
			containerPortal = 04C17C6A19A7384800BE6DAE /* Project object */;
			proxyType = 1;
			remoteGlobalIDString = 04C17C7119A7384800BE6DAE;
			remoteInfo = Test;
		};
/* End PBXContainerItemProxy section */

/* Begin PBXFileReference section */
		04C17C7219A7384800BE6DAE /* Test.app */ = {isa = PBXFileReference; explicitFileType = wrapper.application; includeInIndex = 0; path = Test.app; sourceTree = BUILT_PRODUCTS_DIR; };
		04C17C7519A7384800BE6DAE /* Foundation.framework */ = {isa = PBXFileReference; lastKnownFileType = wrapper.framework; name = Foundation.framework; path = System/Library/Frameworks/Foundation.framework; sourceTree = SDKROOT; };
		04C17C7719A7384800BE6DAE /* CoreGraphics.framework */ = {isa = PBXFileReference; lastKnownFileType = wrapper.framework; name = CoreGraphics.framework; path = System/Library/Frameworks/CoreGraphics.framework; sourceTree = SDKROOT; };
		04C17C7919A7384800BE6DAE /* UIKit.framework */ = {isa = PBXFileReference; lastKnownFileType = wrapper.framework; name = UIKit.framework; path = System/Library/Frameworks/UIKit.framework; sourceTree = SDKROOT; };
		04C17C7D19A7384800BE6DAE /* Test-Info.plist */ = {isa = PBXFileReference; lastKnownFileType = text.plist.xml; path = "Test-Info.plist"; sourceTree = "<group>"; };
		04C17C7F19A7384900BE6DAE /* en */ = {isa = PBXFileReference; lastKnownFileType = text.plist.strings; name = en; path = en.lproj/InfoPlist.strings; sourceTree = "<group>"; };
		04C17C8119A7384900BE6DAE /* main.m */ = {isa = PBXFileReference; lastKnownFileType = sourcecode.c.objc; path = main.m; sourceTree = "<group>"; };
		04C17C8319A7384900BE6DAE /* Test-Prefix.pch */ = {isa = PBXFileReference; lastKnownFileType = sourcecode.c.h; path = "Test-Prefix.pch"; sourceTree = "<group>"; };
		04C17C8419A7384900BE6DAE /* AppDelegate.h */ = {isa = PBXFileReference; lastKnownFileType = sourcecode.c.h; path = AppDelegate.h; sourceTree = "<group>"; };
		04C17C8519A7384900BE6DAE /* AppDelegate.m */ = {isa = PBXFileReference; lastKnownFileType = sourcecode.c.objc; path = AppDelegate.m; sourceTree = "<group>"; };
		04C17C8819A7384900BE6DAE /* Base */ = {isa = PBXFileReference; lastKnownFileType = file.storyboard; name = Base; path = Base.lproj/Main_iPhone.storyboard; sourceTree = "<group>"; };
		04C17C8B19A7384900BE6DAE /* Base */ = {isa = PBXFileReference; lastKnownFileType = file.storyboard; name = Base; path = Base.lproj/Main_iPad.storyboard; sourceTree = "<group>"; };
		04C17C8D19A7384900BE6DAE /* ViewController.h */ = {isa = PBXFileReference; lastKnownFileType = sourcecode.c.h; path = ViewController.h; sourceTree = "<group>"; };
		04C17C8E19A7384900BE6DAE /* ViewController.m */ = {isa = PBXFileReference; lastKnownFileType = sourcecode.c.objc; path = ViewController.m; sourceTree = "<group>"; };
		04C17C9019A7384900BE6DAE /* Images.xcassets */ = {isa = PBXFileReference; lastKnownFileType = folder.assetcatalog; path = Images.xcassets; sourceTree = "<group>"; };
		04C17C9619A7384900BE6DAE /* TestTests.xctest */ = {isa = PBXFileReference; explicitFileType = wrapper.cfbundle; includeInIndex = 0; path = TestTests.xctest; sourceTree = BUILT_PRODUCTS_DIR; };
		04C17C9719A7384900BE6DAE /* XCTest.framework */ = {isa = PBXFileReference; lastKnownFileType = wrapper.framework; name = XCTest.framework; path = Library/Frameworks/XCTest.framework; sourceTree = DEVELOPER_DIR; };
		04C17C9F19A7384900BE6DAE /* TestTests-Info.plist */ = {isa = PBXFileReference; lastKnownFileType = text.plist.xml; path = "TestTests-Info.plist"; sourceTree = "<group>"; };
		04C17CA119A7384900BE6DAE /* en */ = {isa = PBXFileReference; lastKnownFileType = text.plist.strings; name = en; path = en.lproj/InfoPlist.strings; sourceTree = "<group>"; };
		04C17CA319A7384900BE6DAE /* TestTests.m */ = {isa = PBXFileReference; lastKnownFileType = sourcecode.c.objc; path = TestTests.m; sourceTree = "<group>"; };
		04C17CAD19A73E2F00BE6DAE /* FirServer.h */ = {isa = PBXFileReference; fileEncoding = 4; lastKnownFileType = sourcecode.c.h; path = FirServer.h; sourceTree = "<group>"; };
		04C17CAE19A73E2F00BE6DAE /* FirServer.m */ = {isa = PBXFileReference; fileEncoding = 4; lastKnownFileType = sourcecode.c.objc; path = FirServer.m; sourceTree = "<group>"; };
		04C17CB019A7494D00BE6DAE /* FirConstans.h */ = {isa = PBXFileReference; fileEncoding = 4; lastKnownFileType = sourcecode.c.h; path = FirConstans.h; sourceTree = "<group>"; };
/* End PBXFileReference section */

/* Begin PBXFrameworksBuildPhase section */
		04C17C6F19A7384800BE6DAE /* Frameworks */ = {
			isa = PBXFrameworksBuildPhase;
			buildActionMask = 2147483647;
			files = (
				04C17C7819A7384800BE6DAE /* CoreGraphics.framework in Frameworks */,
				04C17C7A19A7384800BE6DAE /* UIKit.framework in Frameworks */,
				04C17C7619A7384800BE6DAE /* Foundation.framework in Frameworks */,
			);
			runOnlyForDeploymentPostprocessing = 0;
		};
		04C17C9319A7384900BE6DAE /* Frameworks */ = {
			isa = PBXFrameworksBuildPhase;
			buildActionMask = 2147483647;
			files = (
				04C17C9819A7384900BE6DAE /* XCTest.framework in Frameworks */,
				04C17C9A19A7384900BE6DAE /* UIKit.framework in Frameworks */,
				04C17C9919A7384900BE6DAE /* Foundation.framework in Frameworks */,
			);
			runOnlyForDeploymentPostprocessing = 0;
		};
/* End PBXFrameworksBuildPhase section */

/* Begin PBXGroup section */
		04C17C6919A7384800BE6DAE = {
			isa = PBXGroup;
			children = (
				04C17C7B19A7384800BE6DAE /* Test */,
				04C17C9D19A7384900BE6DAE /* TestTests */,
				04C17C7419A7384800BE6DAE /* Frameworks */,
				04C17C7319A7384800BE6DAE /* Products */,
			);
			sourceTree = "<group>";
		};
		04C17C7319A7384800BE6DAE /* Products */ = {
			isa = PBXGroup;
			children = (
				04C17C7219A7384800BE6DAE /* Test.app */,
				04C17C9619A7384900BE6DAE /* TestTests.xctest */,
			);
			name = Products;
			sourceTree = "<group>";
		};
		04C17C7419A7384800BE6DAE /* Frameworks */ = {
			isa = PBXGroup;
			children = (
				04C17C7519A7384800BE6DAE /* Foundation.framework */,
				04C17C7719A7384800BE6DAE /* CoreGraphics.framework */,
				04C17C7919A7384800BE6DAE /* UIKit.framework */,
				04C17C9719A7384900BE6DAE /* XCTest.framework */,
			);
			name = Frameworks;
			sourceTree = "<group>";
		};
		04C17C7B19A7384800BE6DAE /* Test */ = {
			isa = PBXGroup;
			children = (
				04C17C8419A7384900BE6DAE /* AppDelegate.h */,
				04C17C8519A7384900BE6DAE /* AppDelegate.m */,
				04C17C8719A7384900BE6DAE /* Main_iPhone.storyboard */,
				04C17C8A19A7384900BE6DAE /* Main_iPad.storyboard */,
				04C17C8D19A7384900BE6DAE /* ViewController.h */,
				04C17C8E19A7384900BE6DAE /* ViewController.m */,
				04C17CAD19A73E2F00BE6DAE /* FirServer.h */,
				04C17CAE19A73E2F00BE6DAE /* FirServer.m */,
				04C17CB019A7494D00BE6DAE /* FirConstans.h */,
				04C17C9019A7384900BE6DAE /* Images.xcassets */,
				04C17C7C19A7384800BE6DAE /* Supporting Files */,
			);
			path = Test;
			sourceTree = "<group>";
		};
		04C17C7C19A7384800BE6DAE /* Supporting Files */ = {
			isa = PBXGroup;
			children = (
				04C17C7D19A7384800BE6DAE /* Test-Info.plist */,
				04C17C7E19A7384900BE6DAE /* InfoPlist.strings */,
				04C17C8119A7384900BE6DAE /* main.m */,
				04C17C8319A7384900BE6DAE /* Test-Prefix.pch */,
			);
			name = "Supporting Files";
			sourceTree = "<group>";
		};
		04C17C9D19A7384900BE6DAE /* TestTests */ = {
			isa = PBXGroup;
			children = (
				04C17CA319A7384900BE6DAE /* TestTests.m */,
				04C17C9E19A7384900BE6DAE /* Supporting Files */,
			);
			path = TestTests;
			sourceTree = "<group>";
		};
		04C17C9E19A7384900BE6DAE /* Supporting Files */ = {
			isa = PBXGroup;
			children = (
				04C17C9F19A7384900BE6DAE /* TestTests-Info.plist */,
				04C17CA019A7384900BE6DAE /* InfoPlist.strings */,
			);
			name = "Supporting Files";
			sourceTree = "<group>";
		};
/* End PBXGroup section */

/* Begin PBXNativeTarget section */
		04C17C7119A7384800BE6DAE /* Test */ = {
			isa = PBXNativeTarget;
			buildConfigurationList = 04C17CA719A7384900BE6DAE /* Build configuration list for PBXNativeTarget "Test" */;
			buildPhases = (
				04C17C6E19A7384800BE6DAE /* Sources */,
				04C17C6F19A7384800BE6DAE /* Frameworks */,
				04C17C7019A7384800BE6DAE /* Resources */,
			);
			buildRules = (
			);
			dependencies = (
			);
			name = Test;
			productName = Test;
			productReference = 04C17C7219A7384800BE6DAE /* Test.app */;
			productType = "com.apple.product-type.application";
		};
		04C17C9519A7384900BE6DAE /* TestTests */ = {
			isa = PBXNativeTarget;
			buildConfigurationList = 04C17CAA19A7384900BE6DAE /* Build configuration list for PBXNativeTarget "TestTests" */;
			buildPhases = (
				04C17C9219A7384900BE6DAE /* Sources */,
				04C17C9319A7384900BE6DAE /* Frameworks */,
				04C17C9419A7384900BE6DAE /* Resources */,
			);
			buildRules = (
			);
			dependencies = (
				04C17C9C19A7384900BE6DAE /* PBXTargetDependency */,
			);
			name = TestTests;
			productName = TestTests;
			productReference = 04C17C9619A7384900BE6DAE /* TestTests.xctest */;
			productType = "com.apple.product-type.bundle.unit-test";
		};
/* End PBXNativeTarget section */

/* Begin PBXProject section */
		04C17C6A19A7384800BE6DAE /* Project object */ = {
			isa = PBXProject;
			attributes = {
				LastUpgradeCheck = 0510;
				ORGANIZATIONNAME = "(zhifei - qiuzhifei521@gmail.com)";
				TargetAttributes = {
					04C17C9519A7384900BE6DAE = {
						TestTargetID = 04C17C7119A7384800BE6DAE;
					};
				};
			};
			buildConfigurationList = 04C17C6D19A7384800BE6DAE /* Build configuration list for PBXProject "Test" */;
			compatibilityVersion = "Xcode 3.2";
			developmentRegion = English;
			hasScannedForEncodings = 0;
			knownRegions = (
				en,
				Base,
			);
			mainGroup = 04C17C6919A7384800BE6DAE;
			productRefGroup = 04C17C7319A7384800BE6DAE /* Products */;
			projectDirPath = "";
			projectRoot = "";
			targets = (
				04C17C7119A7384800BE6DAE /* Test */,
				04C17C9519A7384900BE6DAE /* TestTests */,
			);
		};
/* End PBXProject section */

/* Begin PBXResourcesBuildPhase section */
		04C17C7019A7384800BE6DAE /* Resources */ = {
			isa = PBXResourcesBuildPhase;
			buildActionMask = 2147483647;
			files = (
				04C17C8C19A7384900BE6DAE /* Main_iPad.storyboard in Resources */,
				04C17C9119A7384900BE6DAE /* Images.xcassets in Resources */,
				04C17C8919A7384900BE6DAE /* Main_iPhone.storyboard in Resources */,
				04C17C8019A7384900BE6DAE /* InfoPlist.strings in Resources */,
			);
			runOnlyForDeploymentPostprocessing = 0;
		};
		04C17C9419A7384900BE6DAE /* Resources */ = {
			isa = PBXResourcesBuildPhase;
			buildActionMask = 2147483647;
			files = (
				04C17CA219A7384900BE6DAE /* InfoPlist.strings in Resources */,
			);
			runOnlyForDeploymentPostprocessing = 0;
		};
/* End PBXResourcesBuildPhase section */

/* Begin PBXSourcesBuildPhase section */
		04C17C6E19A7384800BE6DAE /* Sources */ = {
			isa = PBXSourcesBuildPhase;
			buildActionMask = 2147483647;
			files = (
				04C17C8F19A7384900BE6DAE /* ViewController.m in Sources */,
				04C17C8619A7384900BE6DAE /* AppDelegate.m in Sources */,
				04C17CAF19A73E2F00BE6DAE /* FirServer.m in Sources */,
				04C17C8219A7384900BE6DAE /* main.m in Sources */,
			);
			runOnlyForDeploymentPostprocessing = 0;
		};
		04C17C9219A7384900BE6DAE /* Sources */ = {
			isa = PBXSourcesBuildPhase;
			buildActionMask = 2147483647;
			files = (
				04C17CA419A7384900BE6DAE /* TestTests.m in Sources */,
			);
			runOnlyForDeploymentPostprocessing = 0;
		};
/* End PBXSourcesBuildPhase section */

/* Begin PBXTargetDependency section */
		04C17C9C19A7384900BE6DAE /* PBXTargetDependency */ = {
			isa = PBXTargetDependency;
			target = 04C17C7119A7384800BE6DAE /* Test */;
			targetProxy = 04C17C9B19A7384900BE6DAE /* PBXContainerItemProxy */;
		};
/* End PBXTargetDependency section */

/* Begin PBXVariantGroup section */
		04C17C7E19A7384900BE6DAE /* InfoPlist.strings */ = {
			isa = PBXVariantGroup;
			children = (
				04C17C7F19A7384900BE6DAE /* en */,
			);
			name = InfoPlist.strings;
			sourceTree = "<group>";
		};
		04C17C8719A7384900BE6DAE /* Main_iPhone.storyboard */ = {
			isa = PBXVariantGroup;
			children = (
				04C17C8819A7384900BE6DAE /* Base */,
			);
			name = Main_iPhone.storyboard;
			sourceTree = "<group>";
		};
		04C17C8A19A7384900BE6DAE /* Main_iPad.storyboard */ = {
			isa = PBXVariantGroup;
			children = (
				04C17C8B19A7384900BE6DAE /* Base */,
			);
			name = Main_iPad.storyboard;
			sourceTree = "<group>";
		};
		04C17CA019A7384900BE6DAE /* InfoPlist.strings */ = {
			isa = PBXVariantGroup;
			children = (
				04C17CA119A7384900BE6DAE /* en */,
			);
			name = InfoPlist.strings;
			sourceTree = "<group>";
		};
/* End PBXVariantGroup section */

/* Begin XCBuildConfiguration section */
		04C17CA519A7384900BE6DAE /* Debug */ = {
			isa = XCBuildConfiguration;
			buildSettings = {
				ALWAYS_SEARCH_USER_PATHS = NO;
				CLANG_CXX_LANGUAGE_STANDARD = "gnu++0x";
				CLANG_CXX_LIBRARY = "libc++";
				CLANG_ENABLE_MODULES = YES;
				CLANG_ENABLE_OBJC_ARC = YES;
				CLANG_WARN_BOOL_CONVERSION = YES;
				CLANG_WARN_CONSTANT_CONVERSION = YES;
				CLANG_WARN_DIRECT_OBJC_ISA_USAGE = YES_ERROR;
				CLANG_WARN_EMPTY_BODY = YES;
				CLANG_WARN_ENUM_CONVERSION = YES;
				CLANG_WARN_INT_CONVERSION = YES;
				CLANG_WARN_OBJC_ROOT_CLASS = YES_ERROR;
				CLANG_WARN__DUPLICATE_METHOD_MATCH = YES;
				"CODE_SIGN_IDENTITY[sdk=iphoneos*]" = "";
				COPY_PHASE_STRIP = NO;
				GCC_C_LANGUAGE_STANDARD = gnu99;
				GCC_DYNAMIC_NO_PIC = NO;
				GCC_OPTIMIZATION_LEVEL = 0;
				GCC_PREPROCESSOR_DEFINITIONS = (
					"DEBUG=1",
					"$(inherited)",
				);
				GCC_SYMBOLS_PRIVATE_EXTERN = NO;
				GCC_WARN_64_TO_32_BIT_CONVERSION = YES;
				GCC_WARN_ABOUT_RETURN_TYPE = YES_ERROR;
				GCC_WARN_UNDECLARED_SELECTOR = YES;
				GCC_WARN_UNINITIALIZED_AUTOS = YES_AGGRESSIVE;
				GCC_WARN_UNUSED_FUNCTION = YES;
				GCC_WARN_UNUSED_VARIABLE = YES;
				IPHONEOS_DEPLOYMENT_TARGET = 6.0;
				ONLY_ACTIVE_ARCH = YES;
				PROVISIONING_PROFILE = "3EF10193-5173-4E6A-8F86-D965F3E0AF3E";
				SDKROOT = iphoneos;
				TARGETED_DEVICE_FAMILY = "1,2";
			};
			name = Debug;
		};
		04C17CA619A7384900BE6DAE /* Release */ = {
			isa = XCBuildConfiguration;
			buildSettings = {
				ALWAYS_SEARCH_USER_PATHS = NO;
				CLANG_CXX_LANGUAGE_STANDARD = "gnu++0x";
				CLANG_CXX_LIBRARY = "libc++";
				CLANG_ENABLE_MODULES = YES;
				CLANG_ENABLE_OBJC_ARC = YES;
				CLANG_WARN_BOOL_CONVERSION = YES;
				CLANG_WARN_CONSTANT_CONVERSION = YES;
				CLANG_WARN_DIRECT_OBJC_ISA_USAGE = YES_ERROR;
				CLANG_WARN_EMPTY_BODY = YES;
				CLANG_WARN_ENUM_CONVERSION = YES;
				CLANG_WARN_INT_CONVERSION = YES;
				CLANG_WARN_OBJC_ROOT_CLASS = YES_ERROR;
				CLANG_WARN__DUPLICATE_METHOD_MATCH = YES;
				"CODE_SIGN_IDENTITY[sdk=iphoneos*]" = "";
				COPY_PHASE_STRIP = YES;
				ENABLE_NS_ASSERTIONS = NO;
				GCC_C_LANGUAGE_STANDARD = gnu99;
				GCC_WARN_64_TO_32_BIT_CONVERSION = YES;
				GCC_WARN_ABOUT_RETURN_TYPE = YES_ERROR;
				GCC_WARN_UNDECLARED_SELECTOR = YES;
				GCC_WARN_UNINITIALIZED_AUTOS = YES_AGGRESSIVE;
				GCC_WARN_UNUSED_FUNCTION = YES;
				GCC_WARN_UNUSED_VARIABLE = YES;
				IPHONEOS_DEPLOYMENT_TARGET = 6.0;
				PROVISIONING_PROFILE = "3CFFB76B-0120-402B-B51B-E701C68521D4";
				SDKROOT = iphoneos;
				TARGETED_DEVICE_FAMILY = "1,2";
				VALIDATE_PRODUCT = YES;
			};
			name = Release;
		};
		04C17CA819A7384900BE6DAE /* Debug */ = {
			isa = XCBuildConfiguration;
			buildSettings = {
				ASSETCATALOG_COMPILER_APPICON_NAME = AppIcon;
				ASSETCATALOG_COMPILER_LAUNCHIMAGE_NAME = LaunchImage;
				GCC_PRECOMPILE_PREFIX_HEADER = YES;
				GCC_PREFIX_HEADER = "Test/Test-Prefix.pch";
				INFOPLIST_FILE = "Test/Test-Info.plist";
				PRODUCT_NAME = "$(TARGET_NAME)";
				WRAPPER_EXTENSION = app;
			};
			name = Debug;
		};
		04C17CA919A7384900BE6DAE /* Release */ = {
			isa = XCBuildConfiguration;
			buildSettings = {
				ASSETCATALOG_COMPILER_APPICON_NAME = AppIcon;
				ASSETCATALOG_COMPILER_LAUNCHIMAGE_NAME = LaunchImage;
				GCC_PRECOMPILE_PREFIX_HEADER = YES;
				GCC_PREFIX_HEADER = "Test/Test-Prefix.pch";
				INFOPLIST_FILE = "Test/Test-Info.plist";
				PRODUCT_NAME = "$(TARGET_NAME)";
				WRAPPER_EXTENSION = app;
			};
			name = Release;
		};
		04C17CAB19A7384900BE6DAE /* Debug */ = {
			isa = XCBuildConfiguration;
			buildSettings = {
				BUNDLE_LOADER = "$(BUILT_PRODUCTS_DIR)/Test.app/Test";
				FRAMEWORK_SEARCH_PATHS = (
					"$(SDKROOT)/Developer/Library/Frameworks",
					"$(inherited)",
					"$(DEVELOPER_FRAMEWORKS_DIR)",
				);
				GCC_PRECOMPILE_PREFIX_HEADER = YES;
				GCC_PREFIX_HEADER = "Test/Test-Prefix.pch";
				GCC_PREPROCESSOR_DEFINITIONS = (
					"DEBUG=1",
					"$(inherited)",
				);
				INFOPLIST_FILE = "TestTests/TestTests-Info.plist";
				PRODUCT_NAME = "$(TARGET_NAME)";
				TEST_HOST = "$(BUNDLE_LOADER)";
				WRAPPER_EXTENSION = xctest;
			};
			name = Debug;
		};
		04C17CAC19A7384900BE6DAE /* Release */ = {
			isa = XCBuildConfiguration;
			buildSettings = {
				BUNDLE_LOADER = "$(BUILT_PRODUCTS_DIR)/Test.app/Test";
				FRAMEWORK_SEARCH_PATHS = (
					"$(SDKROOT)/Developer/Library/Frameworks",
					"$(inherited)",
					"$(DEVELOPER_FRAMEWORKS_DIR)",
				);
				GCC_PRECOMPILE_PREFIX_HEADER = YES;
				GCC_PREFIX_HEADER = "Test/Test-Prefix.pch";
				INFOPLIST_FILE = "TestTests/TestTests-Info.plist";
				PRODUCT_NAME = "$(TARGET_NAME)";
				TEST_HOST = "$(BUNDLE_LOADER)";
				WRAPPER_EXTENSION = xctest;
			};
			name = Release;
		};
/* End XCBuildConfiguration section */

/* Begin XCConfigurationList section */
		04C17C6D19A7384800BE6DAE /* Build configuration list for PBXProject "Test" */ = {
			isa = XCConfigurationList;
			buildConfigurations = (
				04C17CA519A7384900BE6DAE /* Debug */,
				04C17CA619A7384900BE6DAE /* Release */,
			);
			defaultConfigurationIsVisible = 0;
			defaultConfigurationName = Release;
		};
		04C17CA719A7384900BE6DAE /* Build configuration list for PBXNativeTarget "Test" */ = {
			isa = XCConfigurationList;
			buildConfigurations = (
				04C17CA819A7384900BE6DAE /* Debug */,
				04C17CA919A7384900BE6DAE /* Release */,
			);
			defaultConfigurationIsVisible = 0;
		};
		04C17CAA19A7384900BE6DAE /* Build configuration list for PBXNativeTarget "TestTests" */ = {
			isa = XCConfigurationList;
			buildConfigurations = (
				04C17CAB19A7384900BE6DAE /* Debug */,
				04C17CAC19A7384900BE6DAE /* Release */,
			);
			defaultConfigurationIsVisible = 0;
		};
/* End XCConfigurationList section */
	};
	rootObject = 04C17C6A19A7384800BE6DAE /* Project object */;
}
